// !$*UTF8*$!
{
	archiveVersion = 1;
	classes = {
	};
	objectVersion = 55;
	objects = {

/* Begin PBXBuildFile section */
		172698F62862276D00074366 /* CustomTabBar.swift in Sources */ = {isa = PBXBuildFile; fileRef = 172698F52862276D00074366 /* CustomTabBar.swift */; };
		172698F82862450200074366 /* AtividadeManager.swift in Sources */ = {isa = PBXBuildFile; fileRef = 172698F72862450200074366 /* AtividadeManager.swift */; };
		172698FA28627F3A00074366 /* ScorePool.swift in Sources */ = {isa = PBXBuildFile; fileRef = 172698F928627F3A00074366 /* ScorePool.swift */; };
		176F1B002835846100EA18C1 /* SumarioViewController.swift in Sources */ = {isa = PBXBuildFile; fileRef = 176F1AFF2835846100EA18C1 /* SumarioViewController.swift */; };
		177DB78B28343B3600876C2F /* HomePageViewController.swift in Sources */ = {isa = PBXBuildFile; fileRef = 177DB78A28343B3600876C2F /* HomePageViewController.swift */; };
		177DB78D28353B7D00876C2F /* Atividade.swift in Sources */ = {isa = PBXBuildFile; fileRef = 177DB78C28353B7D00876C2F /* Atividade.swift */; };
		177DB7B32835675300876C2F /* AtividadeCell.swift in Sources */ = {isa = PBXBuildFile; fileRef = 177DB7B22835675300876C2F /* AtividadeCell.swift */; };
		17AD30B72832DEBC00019891 /* NewTaskViewController.swift in Sources */ = {isa = PBXBuildFile; fileRef = 17AD30B62832DEBC00019891 /* NewTaskViewController.swift */; };
		17D3C3462836AFD200EA61C9 /* DiasDaSemanaViewController.swift in Sources */ = {isa = PBXBuildFile; fileRef = 17D3C3452836AFD200EA61C9 /* DiasDaSemanaViewController.swift */; };
		17F88F7828244210005D0D65 /* AppDelegate.swift in Sources */ = {isa = PBXBuildFile; fileRef = 17F88F7728244210005D0D65 /* AppDelegate.swift */; };
		17F88F7A28244210005D0D65 /* SceneDelegate.swift in Sources */ = {isa = PBXBuildFile; fileRef = 17F88F7928244210005D0D65 /* SceneDelegate.swift */; };
		17F88F7F28244210005D0D65 /* Main.storyboard in Resources */ = {isa = PBXBuildFile; fileRef = 17F88F7D28244210005D0D65 /* Main.storyboard */; };
		17F88F8128244213005D0D65 /* Assets.xcassets in Resources */ = {isa = PBXBuildFile; fileRef = 17F88F8028244213005D0D65 /* Assets.xcassets */; };
		17F88F8428244213005D0D65 /* LaunchScreen.storyboard in Resources */ = {isa = PBXBuildFile; fileRef = 17F88F8228244213005D0D65 /* LaunchScreen.storyboard */; };
/* End PBXBuildFile section */

/* Begin PBXFileReference section */
		172698F52862276D00074366 /* CustomTabBar.swift */ = {isa = PBXFileReference; lastKnownFileType = sourcecode.swift; path = CustomTabBar.swift; sourceTree = "<group>"; };
		172698F72862450200074366 /* AtividadeManager.swift */ = {isa = PBXFileReference; lastKnownFileType = sourcecode.swift; path = AtividadeManager.swift; sourceTree = "<group>"; };
		172698F928627F3A00074366 /* ScorePool.swift */ = {isa = PBXFileReference; lastKnownFileType = sourcecode.swift; path = ScorePool.swift; sourceTree = "<group>"; };
		176F1AFF2835846100EA18C1 /* SumarioViewController.swift */ = {isa = PBXFileReference; lastKnownFileType = sourcecode.swift; path = SumarioViewController.swift; sourceTree = "<group>"; };
		177DB78A28343B3600876C2F /* HomePageViewController.swift */ = {isa = PBXFileReference; lastKnownFileType = sourcecode.swift; path = HomePageViewController.swift; sourceTree = "<group>"; };
		177DB78C28353B7D00876C2F /* Atividade.swift */ = {isa = PBXFileReference; lastKnownFileType = sourcecode.swift; path = Atividade.swift; sourceTree = "<group>"; };
		177DB7B22835675300876C2F /* AtividadeCell.swift */ = {isa = PBXFileReference; lastKnownFileType = sourcecode.swift; path = AtividadeCell.swift; sourceTree = "<group>"; };
		17AD30B62832DEBC00019891 /* NewTaskViewController.swift */ = {isa = PBXFileReference; lastKnownFileType = sourcecode.swift; path = NewTaskViewController.swift; sourceTree = "<group>"; };
		17D3C3452836AFD200EA61C9 /* DiasDaSemanaViewController.swift */ = {isa = PBXFileReference; lastKnownFileType = sourcecode.swift; path = DiasDaSemanaViewController.swift; sourceTree = "<group>"; };
		17F88F7428244210005D0D65 /* PetFor2.app */ = {isa = PBXFileReference; explicitFileType = wrapper.application; includeInIndex = 0; path = PetFor2.app; sourceTree = BUILT_PRODUCTS_DIR; };
		17F88F7728244210005D0D65 /* AppDelegate.swift */ = {isa = PBXFileReference; lastKnownFileType = sourcecode.swift; path = AppDelegate.swift; sourceTree = "<group>"; };
		17F88F7928244210005D0D65 /* SceneDelegate.swift */ = {isa = PBXFileReference; lastKnownFileType = sourcecode.swift; path = SceneDelegate.swift; sourceTree = "<group>"; };
		17F88F7E28244210005D0D65 /* Base */ = {isa = PBXFileReference; lastKnownFileType = file.storyboard; name = Base; path = Base.lproj/Main.storyboard; sourceTree = "<group>"; };
		17F88F8028244213005D0D65 /* Assets.xcassets */ = {isa = PBXFileReference; lastKnownFileType = folder.assetcatalog; path = Assets.xcassets; sourceTree = "<group>"; };
		17F88F8328244213005D0D65 /* Base */ = {isa = PBXFileReference; lastKnownFileType = file.storyboard; name = Base; path = Base.lproj/LaunchScreen.storyboard; sourceTree = "<group>"; };
		17F88F8528244213005D0D65 /* Info.plist */ = {isa = PBXFileReference; lastKnownFileType = text.plist.xml; path = Info.plist; sourceTree = "<group>"; };
/* End PBXFileReference section */

/* Begin PBXFrameworksBuildPhase section */
		17F88F7128244210005D0D65 /* Frameworks */ = {
			isa = PBXFrameworksBuildPhase;
			buildActionMask = 2147483647;
			files = (
			);
			runOnlyForDeploymentPostprocessing = 0;
		};
/* End PBXFrameworksBuildPhase section */

/* Begin PBXGroup section */
		176F1AFD2835745200EA18C1 /* Models */ = {
			isa = PBXGroup;
			children = (
				177DB7B22835675300876C2F /* AtividadeCell.swift */,
				177DB78C28353B7D00876C2F /* Atividade.swift */,
				172698F928627F3A00074366 /* ScorePool.swift */,
				172698F72862450200074366 /* AtividadeManager.swift */,
			);
			path = Models;
			sourceTree = "<group>";
		};
		176F1AFE28357C7100EA18C1 /* ViewControllers */ = {
			isa = PBXGroup;
			children = (
				17AD30B62832DEBC00019891 /* NewTaskViewController.swift */,
				177DB78A28343B3600876C2F /* HomePageViewController.swift */,
				17D3C3452836AFD200EA61C9 /* DiasDaSemanaViewController.swift */,
				176F1AFF2835846100EA18C1 /* SumarioViewController.swift */,
			);
			path = ViewControllers;
			sourceTree = "<group>";
		};
		17F88F6B28244210005D0D65 = {
			isa = PBXGroup;
			children = (
				17F88F7628244210005D0D65 /* PetFor2 */,
				17F88F7528244210005D0D65 /* Products */,
			);
			sourceTree = "<group>";
		};
		17F88F7528244210005D0D65 /* Products */ = {
			isa = PBXGroup;
			children = (
				17F88F7428244210005D0D65 /* PetFor2.app */,
			);
			name = Products;
			sourceTree = "<group>";
		};
		17F88F7628244210005D0D65 /* PetFor2 */ = {
			isa = PBXGroup;
			children = (
				172698F52862276D00074366 /* CustomTabBar.swift */,
				17F88F7728244210005D0D65 /* AppDelegate.swift */,
				17F88F7928244210005D0D65 /* SceneDelegate.swift */,
				176F1AFD2835745200EA18C1 /* Models */,
				176F1AFE28357C7100EA18C1 /* ViewControllers */,
				17F88F7D28244210005D0D65 /* Main.storyboard */,
				17F88F8028244213005D0D65 /* Assets.xcassets */,
				17F88F8228244213005D0D65 /* LaunchScreen.storyboard */,
				17F88F8528244213005D0D65 /* Info.plist */,
			);
			path = PetFor2;
			sourceTree = "<group>";
		};
/* End PBXGroup section */

/* Begin PBXNativeTarget section */
		17F88F7328244210005D0D65 /* PetFor2 */ = {
			isa = PBXNativeTarget;
			buildConfigurationList = 17F88F8828244213005D0D65 /* Build configuration list for PBXNativeTarget "PetFor2" */;
			buildPhases = (
				17F88F7028244210005D0D65 /* Sources */,
				17F88F7128244210005D0D65 /* Frameworks */,
				17F88F7228244210005D0D65 /* Resources */,
			);
			buildRules = (
			);
			dependencies = (
			);
			name = PetFor2;
			productName = "Second Project";
			productReference = 17F88F7428244210005D0D65 /* PetFor2.app */;
			productType = "com.apple.product-type.application";
		};
/* End PBXNativeTarget section */

/* Begin PBXProject section */
		17F88F6C28244210005D0D65 /* Project object */ = {
			isa = PBXProject;
			attributes = {
				BuildIndependentTargetsInParallel = 1;
				LastSwiftUpdateCheck = 1330;
				LastUpgradeCheck = 1330;
				TargetAttributes = {
					17F88F7328244210005D0D65 = {
						CreatedOnToolsVersion = 13.3.1;
					};
				};
			};
			buildConfigurationList = 17F88F6F28244210005D0D65 /* Build configuration list for PBXProject "PetFor2" */;
			compatibilityVersion = "Xcode 13.0";
			developmentRegion = en;
			hasScannedForEncodings = 0;
			knownRegions = (
				en,
				Base,
			);
			mainGroup = 17F88F6B28244210005D0D65;
			productRefGroup = 17F88F7528244210005D0D65 /* Products */;
			projectDirPath = "";
			projectRoot = "";
			targets = (
				17F88F7328244210005D0D65 /* PetFor2 */,
			);
		};
/* End PBXProject section */

/* Begin PBXResourcesBuildPhase section */
		17F88F7228244210005D0D65 /* Resources */ = {
			isa = PBXResourcesBuildPhase;
			buildActionMask = 2147483647;
			files = (
				17F88F8428244213005D0D65 /* LaunchScreen.storyboard in Resources */,
				17F88F8128244213005D0D65 /* Assets.xcassets in Resources */,
				17F88F7F28244210005D0D65 /* Main.storyboard in Resources */,
			);
			runOnlyForDeploymentPostprocessing = 0;
		};
/* End PBXResourcesBuildPhase section */

/* Begin PBXSourcesBuildPhase section */
		17F88F7028244210005D0D65 /* Sources */ = {
			isa = PBXSourcesBuildPhase;
			buildActionMask = 2147483647;
			files = (
				172698F82862450200074366 /* AtividadeManager.swift in Sources */,
				17F88F7828244210005D0D65 /* AppDelegate.swift in Sources */,
				172698F62862276D00074366 /* CustomTabBar.swift in Sources */,
				172698FA28627F3A00074366 /* ScorePool.swift in Sources */,
				17AD30B72832DEBC00019891 /* NewTaskViewController.swift in Sources */,
				177DB7B32835675300876C2F /* AtividadeCell.swift in Sources */,
				177DB78D28353B7D00876C2F /* Atividade.swift in Sources */,
				176F1B002835846100EA18C1 /* SumarioViewController.swift in Sources */,
				17D3C3462836AFD200EA61C9 /* DiasDaSemanaViewController.swift in Sources */,
				177DB78B28343B3600876C2F /* HomePageViewController.swift in Sources */,
				17F88F7A28244210005D0D65 /* SceneDelegate.swift in Sources */,
			);
			runOnlyForDeploymentPostprocessing = 0;
		};
/* End PBXSourcesBuildPhase section */

/* Begin PBXVariantGroup section */
		17F88F7D28244210005D0D65 /* Main.storyboard */ = {
			isa = PBXVariantGroup;
			children = (
				17F88F7E28244210005D0D65 /* Base */,
			);
			name = Main.storyboard;
			sourceTree = "<group>";
		};
		17F88F8228244213005D0D65 /* LaunchScreen.storyboard */ = {
			isa = PBXVariantGroup;
			children = (
				17F88F8328244213005D0D65 /* Base */,
			);
			name = LaunchScreen.storyboard;
			sourceTree = "<group>";
		};
/* End PBXVariantGroup section */

/* Begin XCBuildConfiguration section */
		17F88F8628244213005D0D65 /* Debug */ = {
			isa = XCBuildConfiguration;
			buildSettings = {
				ALWAYS_SEARCH_USER_PATHS = NO;
				CLANG_ANALYZER_NONNULL = YES;
				CLANG_ANALYZER_NUMBER_OBJECT_CONVERSION = YES_AGGRESSIVE;
				CLANG_CXX_LANGUAGE_STANDARD = "gnu++17";
				CLANG_ENABLE_MODULES = YES;
				CLANG_ENABLE_OBJC_ARC = YES;
				CLANG_ENABLE_OBJC_WEAK = YES;
				CLANG_WARN_BLOCK_CAPTURE_AUTORELEASING = YES;
				CLANG_WARN_BOOL_CONVERSION = YES;
				CLANG_WARN_COMMA = YES;
				CLANG_WARN_CONSTANT_CONVERSION = YES;
				CLANG_WARN_DEPRECATED_OBJC_IMPLEMENTATIONS = YES;
				CLANG_WARN_DIRECT_OBJC_ISA_USAGE = YES_ERROR;
				CLANG_WARN_DOCUMENTATION_COMMENTS = YES;
				CLANG_WARN_EMPTY_BODY = YES;
				CLANG_WARN_ENUM_CONVERSION = YES;
				CLANG_WARN_INFINITE_RECURSION = YES;
				CLANG_WARN_INT_CONVERSION = YES;
				CLANG_WARN_NON_LITERAL_NULL_CONVERSION = YES;
				CLANG_WARN_OBJC_IMPLICIT_RETAIN_SELF = YES;
				CLANG_WARN_OBJC_LITERAL_CONVERSION = YES;
				CLANG_WARN_OBJC_ROOT_CLASS = YES_ERROR;
				CLANG_WARN_QUOTED_INCLUDE_IN_FRAMEWORK_HEADER = YES;
				CLANG_WARN_RANGE_LOOP_ANALYSIS = YES;
				CLANG_WARN_STRICT_PROTOTYPES = YES;
				CLANG_WARN_SUSPICIOUS_MOVE = YES;
				CLANG_WARN_UNGUARDED_AVAILABILITY = YES_AGGRESSIVE;
				CLANG_WARN_UNREACHABLE_CODE = YES;
				CLANG_WARN__DUPLICATE_METHOD_MATCH = YES;
				COPY_PHASE_STRIP = NO;
				DEBUG_INFORMATION_FORMAT = dwarf;
				ENABLE_STRICT_OBJC_MSGSEND = YES;
				ENABLE_TESTABILITY = YES;
				GCC_C_LANGUAGE_STANDARD = gnu11;
				GCC_DYNAMIC_NO_PIC = NO;
				GCC_NO_COMMON_BLOCKS = YES;
				GCC_OPTIMIZATION_LEVEL = 0;
				GCC_PREPROCESSOR_DEFINITIONS = (
					"DEBUG=1",
					"$(inherited)",
				);
				GCC_WARN_64_TO_32_BIT_CONVERSION = YES;
				GCC_WARN_ABOUT_RETURN_TYPE = YES_ERROR;
				GCC_WARN_UNDECLARED_SELECTOR = YES;
				GCC_WARN_UNINITIALIZED_AUTOS = YES_AGGRESSIVE;
				GCC_WARN_UNUSED_FUNCTION = YES;
				GCC_WARN_UNUSED_VARIABLE = YES;
				IPHONEOS_DEPLOYMENT_TARGET = 15.4;
				MTL_ENABLE_DEBUG_INFO = INCLUDE_SOURCE;
				MTL_FAST_MATH = YES;
				ONLY_ACTIVE_ARCH = YES;
				SDKROOT = iphoneos;
				SWIFT_ACTIVE_COMPILATION_CONDITIONS = DEBUG;
				SWIFT_OPTIMIZATION_LEVEL = "-Onone";
			};
			name = Debug;
		};
		17F88F8728244213005D0D65 /* Release */ = {
			isa = XCBuildConfiguration;
			buildSettings = {
				ALWAYS_SEARCH_USER_PATHS = NO;
				CLANG_ANALYZER_NONNULL = YES;
				CLANG_ANALYZER_NUMBER_OBJECT_CONVERSION = YES_AGGRESSIVE;
				CLANG_CXX_LANGUAGE_STANDARD = "gnu++17";
				CLANG_ENABLE_MODULES = YES;
				CLANG_ENABLE_OBJC_ARC = YES;
				CLANG_ENABLE_OBJC_WEAK = YES;
				CLANG_WARN_BLOCK_CAPTURE_AUTORELEASING = YES;
				CLANG_WARN_BOOL_CONVERSION = YES;
				CLANG_WARN_COMMA = YES;
				CLANG_WARN_CONSTANT_CONVERSION = YES;
				CLANG_WARN_DEPRECATED_OBJC_IMPLEMENTATIONS = YES;
				CLANG_WARN_DIRECT_OBJC_ISA_USAGE = YES_ERROR;
				CLANG_WARN_DOCUMENTATION_COMMENTS = YES;
				CLANG_WARN_EMPTY_BODY = YES;
				CLANG_WARN_ENUM_CONVERSION = YES;
				CLANG_WARN_INFINITE_RECURSION = YES;
				CLANG_WARN_INT_CONVERSION = YES;
				CLANG_WARN_NON_LITERAL_NULL_CONVERSION = YES;
				CLANG_WARN_OBJC_IMPLICIT_RETAIN_SELF = YES;
				CLANG_WARN_OBJC_LITERAL_CONVERSION = YES;
				CLANG_WARN_OBJC_ROOT_CLASS = YES_ERROR;
				CLANG_WARN_QUOTED_INCLUDE_IN_FRAMEWORK_HEADER = YES;
				CLANG_WARN_RANGE_LOOP_ANALYSIS = YES;
				CLANG_WARN_STRICT_PROTOTYPES = YES;
				CLANG_WARN_SUSPICIOUS_MOVE = YES;
				CLANG_WARN_UNGUARDED_AVAILABILITY = YES_AGGRESSIVE;
				CLANG_WARN_UNREACHABLE_CODE = YES;
				CLANG_WARN__DUPLICATE_METHOD_MATCH = YES;
				COPY_PHASE_STRIP = NO;
				DEBUG_INFORMATION_FORMAT = "dwarf-with-dsym";
				ENABLE_NS_ASSERTIONS = NO;
				ENABLE_STRICT_OBJC_MSGSEND = YES;
				GCC_C_LANGUAGE_STANDARD = gnu11;
				GCC_NO_COMMON_BLOCKS = YES;
				GCC_WARN_64_TO_32_BIT_CONVERSION = YES;
				GCC_WARN_ABOUT_RETURN_TYPE = YES_ERROR;
				GCC_WARN_UNDECLARED_SELECTOR = YES;
				GCC_WARN_UNINITIALIZED_AUTOS = YES_AGGRESSIVE;
				GCC_WARN_UNUSED_FUNCTION = YES;
				GCC_WARN_UNUSED_VARIABLE = YES;
				IPHONEOS_DEPLOYMENT_TARGET = 15.4;
				MTL_ENABLE_DEBUG_INFO = NO;
				MTL_FAST_MATH = YES;
				SDKROOT = iphoneos;
				SWIFT_COMPILATION_MODE = wholemodule;
				SWIFT_OPTIMIZATION_LEVEL = "-O";
				VALIDATE_PRODUCT = YES;
			};
			name = Release;
		};
		17F88F8928244213005D0D65 /* Debug */ = {
			isa = XCBuildConfiguration;
			buildSettings = {
				ASSETCATALOG_COMPILER_APPICON_NAME = AppIcon;
				ASSETCATALOG_COMPILER_GLOBAL_ACCENT_COLOR_NAME = AccentColor;
				CODE_SIGN_STYLE = Automatic;
				CURRENT_PROJECT_VERSION = 1;
				DEVELOPMENT_TEAM = 749Q737TF5;
				GENERATE_INFOPLIST_FILE = YES;
				"INFOPLIST_FILE[sdk=*]" = PetFor2/info.plist;
				INFOPLIST_KEY_CFBundleDisplayName = PetFor2;
				INFOPLIST_KEY_UIApplicationSupportsIndirectInputEvents = YES;
				INFOPLIST_KEY_UILaunchStoryboardName = LaunchScreen;
				INFOPLIST_KEY_UIMainStoryboardFile = Main;
				INFOPLIST_KEY_UISupportedInterfaceOrientations_iPad = "UIInterfaceOrientationPortrait UIInterfaceOrientationPortraitUpsideDown UIInterfaceOrientationLandscapeLeft UIInterfaceOrientationLandscapeRight";
				INFOPLIST_KEY_UISupportedInterfaceOrientations_iPhone = "UIInterfaceOrientationPortrait UIInterfaceOrientationLandscapeLeft UIInterfaceOrientationLandscapeRight";
				LD_RUNPATH_SEARCH_PATHS = (
					"$(inherited)",
					"@executable_path/Frameworks",
				);
				MARKETING_VERSION = 1.0;
				PRODUCT_BUNDLE_IDENTIFIER = br.ufpe.cin.academy.PetFor2;
				PRODUCT_NAME = "$(TARGET_NAME)";
				SWIFT_EMIT_LOC_STRINGS = YES;
				SWIFT_VERSION = 5.0;
				TARGETED_DEVICE_FAMILY = "1,2";
			};
			name = Debug;
		};
		17F88F8A28244213005D0D65 /* Release */ = {
			isa = XCBuildConfiguration;
			buildSettings = {
				ASSETCATALOG_COMPILER_APPICON_NAME = AppIcon;
				ASSETCATALOG_COMPILER_GLOBAL_ACCENT_COLOR_NAME = AccentColor;
				CODE_SIGN_STYLE = Automatic;
				CURRENT_PROJECT_VERSION = 1;
				DEVELOPMENT_TEAM = 749Q737TF5;
				GENERATE_INFOPLIST_FILE = YES;
				INFOPLIST_KEY_CFBundleDisplayName = PetFor2;
				INFOPLIST_KEY_UIApplicationSupportsIndirectInputEvents = YES;
				INFOPLIST_KEY_UILaunchStoryboardName = LaunchScreen;
				INFOPLIST_KEY_UIMainStoryboardFile = Main;
				INFOPLIST_KEY_UISupportedInterfaceOrientations_iPad = "UIInterfaceOrientationPortrait UIInterfaceOrientationPortraitUpsideDown UIInterfaceOrientationLandscapeLeft UIInterfaceOrientationLandscapeRight";
				INFOPLIST_KEY_UISupportedInterfaceOrientations_iPhone = "UIInterfaceOrientationPortrait UIInterfaceOrientationLandscapeLeft UIInterfaceOrientationLandscapeRight";
				LD_RUNPATH_SEARCH_PATHS = (
					"$(inherited)",
					"@executable_path/Frameworks",
				);
				MARKETING_VERSION = 1.0;
				PRODUCT_BUNDLE_IDENTIFIER = br.ufpe.cin.academy.PetFor2;
				PRODUCT_NAME = "$(TARGET_NAME)";
				SWIFT_EMIT_LOC_STRINGS = YES;
				SWIFT_VERSION = 5.0;
				TARGETED_DEVICE_FAMILY = "1,2";
			};
			name = Release;
		};
/* End XCBuildConfiguration section */

/* Begin XCConfigurationList section */
		17F88F6F28244210005D0D65 /* Build configuration list for PBXProject "PetFor2" */ = {
			isa = XCConfigurationList;
			buildConfigurations = (
				17F88F8628244213005D0D65 /* Debug */,
				17F88F8728244213005D0D65 /* Release */,
			);
			defaultConfigurationIsVisible = 0;
			defaultConfigurationName = Release;
		};
		17F88F8828244213005D0D65 /* Build configuration list for PBXNativeTarget "PetFor2" */ = {
			isa = XCConfigurationList;
			buildConfigurations = (
				17F88F8928244213005D0D65 /* Debug */,
				17F88F8A28244213005D0D65 /* Release */,
			);
			defaultConfigurationIsVisible = 0;
			defaultConfigurationName = Release;
		};
/* End XCConfigurationList section */
	};
	rootObject = 17F88F6C28244210005D0D65 /* Project object */;
}
